
Microsoft Visual Studio Solution File, Format Version 12.00
# Visual Studio Version 17
VisualStudioVersion = 17.3.32804.467
MinimumVisualStudioVersion = 10.0.40219.1
Project("{6EC3EE1D-3C4E-46DD-8F32-0CC8E7565705}") = "ArmorPacker", "ArmorPacker\ArmorPacker.fsproj", "{4433B835-EE4E-42D8-A7B2-D52FDD66BE52}"
EndProject
Project("{6EC3EE1D-3C4E-46DD-8F32-0CC8E7565705}") = "DMLib", "DMLib\DMLib.fsproj", "{0C74AFA3-0CC7-4DE3-8A1D-2E93BCD487C6}"
EndProject
Project("{6EC3EE1D-3C4E-46DD-8F32-0CC8E7565705}") = "ArmorPacker.Tests", "ArmorPacker.Tests\ArmorPacker.Tests.fsproj", "{C1810502-DE58-430A-8E88-16AFFDB3B43D}"
	ProjectSection(ProjectDependencies) = postProject
		{4433B835-EE4E-42D8-A7B2-D52FDD66BE52} = {4433B835-EE4E-42D8-A7B2-D52FDD66BE52}
	EndProjectSection
EndProject
Project("{F2A71F9B-5D33-465A-A702-920D77279786}") = "ModInfoCreator", "ModInfoCreator\ModInfoCreator.fsproj", "{36C581D5-191D-474F-9AE1-1C14F422EF0F}"
	ProjectSection(ProjectDependencies) = postProject
		{0C74AFA3-0CC7-4DE3-8A1D-2E93BCD487C6} = {0C74AFA3-0CC7-4DE3-8A1D-2E93BCD487C6}
	EndProjectSection
EndProject
Global
	GlobalSection(SolutionConfigurationPlatforms) = preSolution
		Debug|Any CPU = Debug|Any CPU
		Release|Any CPU = Release|Any CPU
	EndGlobalSection
	GlobalSection(ProjectConfigurationPlatforms) = postSolution
		{4433B835-EE4E-42D8-A7B2-D52FDD66BE52}.Debug|Any CPU.ActiveCfg = Debug|Any CPU
		{4433B835-EE4E-42D8-A7B2-D52FDD66BE52}.Debug|Any CPU.Build.0 = Debug|Any CPU
		{4433B835-EE4E-42D8-A7B2-D52FDD66BE52}.Release|Any CPU.ActiveCfg = Release|Any CPU
		{4433B835-EE4E-42D8-A7B2-D52FDD66BE52}.Release|Any CPU.Build.0 = Release|Any CPU
		{0C74AFA3-0CC7-4DE3-8A1D-2E93BCD487C6}.Debug|Any CPU.ActiveCfg = Debug|Any CPU
		{0C74AFA3-0CC7-4DE3-8A1D-2E93BCD487C6}.Debug|Any CPU.Build.0 = Debug|Any CPU
		{0C74AFA3-0CC7-4DE3-8A1D-2E93BCD487C6}.Release|Any CPU.ActiveCfg = Release|Any CPU
		{0C74AFA3-0CC7-4DE3-8A1D-2E93BCD487C6}.Release|Any CPU.Build.0 = Release|Any CPU
		{C1810502-DE58-430A-8E88-16AFFDB3B43D}.Debug|Any CPU.ActiveCfg = Debug|Any CPU
		{C1810502-DE58-430A-8E88-16AFFDB3B43D}.Debug|Any CPU.Build.0 = Debug|Any CPU
		{C1810502-DE58-430A-8E88-16AFFDB3B43D}.Release|Any CPU.ActiveCfg = Release|Any CPU
		{36C581D5-191D-474F-9AE1-1C14F422EF0F}.Debug|Any CPU.ActiveCfg = Debug|Any CPU
		{36C581D5-191D-474F-9AE1-1C14F422EF0F}.Debug|Any CPU.Build.0 = Debug|Any CPU
		{36C581D5-191D-474F-9AE1-1C14F422EF0F}.Release|Any CPU.ActiveCfg = Release|Any CPU
		{36C581D5-191D-474F-9AE1-1C14F422EF0F}.Release|Any CPU.Build.0 = Release|Any CPU
	EndGlobalSection
	GlobalSection(SolutionProperties) = preSolution
		HideSolutionNode = FALSE
	EndGlobalSection
	GlobalSection(ExtensibilityGlobals) = postSolution
		SolutionGuid = {32C22C37-C2D8-46E3-B617-AA5D1D92AB3B}
	EndGlobalSection
EndGlobal
